{
  "nodes": {
    "flake-utils": {
      "locked": {
        "lastModified": 1678901627,
        "narHash": "sha256-U02riOqrKKzwjsxc/400XnElV+UtPUQWpANPlyazjH0=",
        "owner": "numtide",
        "repo": "flake-utils",
        "rev": "93a2b84fc4b70d9e089d029deacc3583435c2ed6",
        "type": "github"
      },
      "original": {
        "owner": "numtide",
        "repo": "flake-utils",
        "type": "github"
      }
    },
    "hix": {
      "inputs": {
        "nixpkgs": "nixpkgs",
        "thax": "thax"
      },
      "locked": {
        "lastModified": 1688729444,
        "narHash": "sha256-DnjWABq2nVEexZ4JxLqvJMtNhQ18xnZGwOVL5nIMZG0=",
        "ref": "refs/heads/main",
        "rev": "3cee9bec7fb06d6bc63ef06fe751d4e5768a1f3d",
        "revCount": 459,
        "type": "git",
        "url": "https://git.tryp.io/tek/hix"
      },
      "original": {
        "type": "git",
        "url": "https://git.tryp.io/tek/hix"
      }
    },
    "hix_2": {
      "inputs": {
        "nixpkgs": "nixpkgs_2",
        "thax": "thax_2"
      },
      "locked": {
        "lastModified": 1688729444,
        "narHash": "sha256-DnjWABq2nVEexZ4JxLqvJMtNhQ18xnZGwOVL5nIMZG0=",
        "ref": "refs/heads/main",
        "rev": "3cee9bec7fb06d6bc63ef06fe751d4e5768a1f3d",
        "revCount": 459,
        "type": "git",
        "url": "https://git.tryp.io/tek/hix"
      },
      "original": {
        "type": "git",
        "url": "https://git.tryp.io/tek/hix"
      }
    },
    "hix_3": {
      "inputs": {
        "flake-utils": "flake-utils",
        "nixpkgs": "nixpkgs_3",
        "nixpkgs_internal": "nixpkgs_internal",
        "thax": "thax_3"
      },
      "locked": {
        "lastModified": 1680816653,
        "narHash": "sha256-MGOVPZZDHvN0q5Mx2US2ZdFNk6EHdfs13dlXikwBBcQ=",
        "ref": "refs/heads/main",
        "rev": "50b5d4a749aef91972c7fa3a0202d5d767892bda",
        "revCount": 313,
        "type": "git",
        "url": "https://git.tryp.io/tek/hix"
      },
      "original": {
        "type": "git",
        "url": "https://git.tryp.io/tek/hix"
      }
    },
    "nixpkgs": {
      "locked": {
        "lastModified": 1686582075,
        "narHash": "sha256-vtflsfKkHtF8IduxDNtbme4cojiqvlvjp5QNYhvoHXc=",
        "owner": "nixos",
        "repo": "nixpkgs",
        "rev": "7e63eed145566cca98158613f3700515b4009ce3",
        "type": "github"
      },
      "original": {
        "owner": "nixos",
        "repo": "nixpkgs",
        "rev": "7e63eed145566cca98158613f3700515b4009ce3",
        "type": "github"
      }
    },
    "nixpkgs_2": {
      "locked": {
        "lastModified": 1686582075,
        "narHash": "sha256-vtflsfKkHtF8IduxDNtbme4cojiqvlvjp5QNYhvoHXc=",
        "owner": "nixos",
        "repo": "nixpkgs",
        "rev": "7e63eed145566cca98158613f3700515b4009ce3",
        "type": "github"
      },
      "original": {
        "owner": "nixos",
        "repo": "nixpkgs",
        "rev": "7e63eed145566cca98158613f3700515b4009ce3",
        "type": "github"
      }
    },
    "nixpkgs_3": {
      "locked": {
        "lastModified": 1672057183,
        "narHash": "sha256-GN7/10DNNvs1FPj9tlZA2qgNdFuYKKuS3qlHTqAxasQ=",
        "owner": "NixOS",
        "repo": "nixpkgs",
        "rev": "b139e44d78c36c69bcbb825b20dbfa51e7738347",
        "type": "github"
      },
      "original": {
        "owner": "NixOS",
        "repo": "nixpkgs",
        "rev": "b139e44d78c36c69bcbb825b20dbfa51e7738347",
        "type": "github"
      }
    },
    "nixpkgs_internal": {
      "locked": {
        "lastModified": 1679109242,
        "narHash": "sha256-m5g2jauKuB6SB2u9eQ4CXSfNhW6Yb0l6lZO1zTIVJpo=",
        "owner": "NixOS",
        "repo": "nixpkgs",
        "rev": "f012515eb23bcda6a18ee606b7071dd0b2740d66",
        "type": "github"
      },
      "original": {
        "owner": "NixOS",
        "repo": "nixpkgs",
        "rev": "f012515eb23bcda6a18ee606b7071dd0b2740d66",
        "type": "github"
      }
    },
    "polysemy-conc": {
      "inputs": {
        "hix": "hix_2",
        "polysemy-time": "polysemy-time"
      },
      "locked": {
        "lastModified": 1688834910,
        "narHash": "sha256-cWhcAmsnKQ2/bA0E2FbV0rxG8Lopqc4xXjI89ngsm8M=",
        "ref": "refs/heads/main",
        "rev": "4d637b82e774282850e899e5cd46035a6d06b31c",
        "revCount": 243,
        "type": "git",
        "url": "https://git.tryp.io/tek/polysemy-conc"
      },
      "original": {
        "type": "git",
        "url": "https://git.tryp.io/tek/polysemy-conc"
      }
    },
    "polysemy-time": {
      "inputs": {
        "hix": "hix_3"
      },
      "locked": {
        "lastModified": 1680817042,
        "narHash": "sha256-/gS5HWrwCZVul4q2o2e4EKHMAl5/yLGM6Ol6a3IakBg=",
        "ref": "refs/heads/master",
        "rev": "d306d79de4a369f3967d06a8d728012d5e86d2a9",
        "revCount": 95,
        "type": "git",
        "url": "https://git.tryp.io/tek/polysemy-time"
      },
      "original": {
        "type": "git",
        "url": "https://git.tryp.io/tek/polysemy-time"
      }
    },
    "root": {
      "inputs": {
        "hix": "hix",
        "polysemy-conc": "polysemy-conc"
      }
    },
    "thax": {
      "locked": {
        "lastModified": 1677960812,
        "narHash": "sha256-FYkZZVTMBo0dtqPr73tadUz+69jgQBo2S4qKOxTGWZ4=",
        "owner": "tek",
        "repo": "thax",
        "rev": "4b4f68d0232e1f707d97bbcaab0d5534b97ba94f",
        "type": "github"
      },
      "original": {
        "owner": "tek",
        "repo": "thax",
        "type": "github"
      }
    },
    "thax_2": {
      "locked": {
        "lastModified": 1677960812,
        "narHash": "sha256-FYkZZVTMBo0dtqPr73tadUz+69jgQBo2S4qKOxTGWZ4=",
        "owner": "tek",
        "repo": "thax",
        "rev": "4b4f68d0232e1f707d97bbcaab0d5534b97ba94f",
        "type": "github"
      },
      "original": {
        "owner": "tek",
        "repo": "thax",
        "type": "github"
      }
    },
    "thax_3": {
      "locked": {
        "lastModified": 1677960812,
        "narHash": "sha256-FYkZZVTMBo0dtqPr73tadUz+69jgQBo2S4qKOxTGWZ4=",
        "owner": "tek",
        "repo": "thax",
        "rev": "4b4f68d0232e1f707d97bbcaab0d5534b97ba94f",
        "type": "github"
      },
      "original": {
        "owner": "tek",
        "repo": "thax",
        "type": "github"
      }
    }
  },
  "root": "root",
  "version": 7
}
